
Microsoft Visual Studio Solution File, Format Version 12.00
# Visual Studio Version 16
VisualStudioVersion = 16.0.31402.337
MinimumVisualStudioVersion = 10.0.40219.1
Project("{9A19103F-16F7-4668-BE54-9A1E7A4F7556}") = "MovieShopMVC", "MovieShopMVC\MovieShopMVC.csproj", "{3465E88E-B1FD-495A-A5FC-B14670EE92C7}"
EndProject
Project("{9A19103F-16F7-4668-BE54-9A1E7A4F7556}") = "ApplicationCore", "ApplicationCore\ApplicationCore.csproj", "{78BA55E8-96D9-4BDB-AF5E-F567C019CDAD}"
EndProject
Project("{9A19103F-16F7-4668-BE54-9A1E7A4F7556}") = "Infrastructure", "Infrastructure\Infrastructure.csproj", "{1F890A9B-5CC8-4831-8F0F-22934029B341}"
EndProject
Global
	GlobalSection(SolutionConfigurationPlatforms) = preSolution
		Debug|Any CPU = Debug|Any CPU
		Release|Any CPU = Release|Any CPU
	EndGlobalSection
	GlobalSection(ProjectConfigurationPlatforms) = postSolution
		{3465E88E-B1FD-495A-A5FC-B14670EE92C7}.Debug|Any CPU.ActiveCfg = Debug|Any CPU
		{3465E88E-B1FD-495A-A5FC-B14670EE92C7}.Debug|Any CPU.Build.0 = Debug|Any CPU
		{3465E88E-B1FD-495A-A5FC-B14670EE92C7}.Release|Any CPU.ActiveCfg = Release|Any CPU
		{3465E88E-B1FD-495A-A5FC-B14670EE92C7}.Release|Any CPU.Build.0 = Release|Any CPU
		{78BA55E8-96D9-4BDB-AF5E-F567C019CDAD}.Debug|Any CPU.ActiveCfg = Debug|Any CPU
		{78BA55E8-96D9-4BDB-AF5E-F567C019CDAD}.Debug|Any CPU.Build.0 = Debug|Any CPU
		{78BA55E8-96D9-4BDB-AF5E-F567C019CDAD}.Release|Any CPU.ActiveCfg = Release|Any CPU
		{78BA55E8-96D9-4BDB-AF5E-F567C019CDAD}.Release|Any CPU.Build.0 = Release|Any CPU
		{1F890A9B-5CC8-4831-8F0F-22934029B341}.Debug|Any CPU.ActiveCfg = Debug|Any CPU
		{1F890A9B-5CC8-4831-8F0F-22934029B341}.Debug|Any CPU.Build.0 = Debug|Any CPU
		{1F890A9B-5CC8-4831-8F0F-22934029B341}.Release|Any CPU.ActiveCfg = Release|Any CPU
		{1F890A9B-5CC8-4831-8F0F-22934029B341}.Release|Any CPU.Build.0 = Release|Any CPU
	EndGlobalSection
	GlobalSection(SolutionProperties) = preSolution
		HideSolutionNode = FALSE
	EndGlobalSection
	GlobalSection(ExtensibilityGlobals) = postSolution
		SolutionGuid = {8F8D62BC-F03B-4194-ADDB-60AB984D703C}
	EndGlobalSection
EndGlobal
